
Microsoft Visual Studio Solution File, Format Version 12.00
# Visual Studio Version 16
VisualStudioVersion = 16.0.31205.134
MinimumVisualStudioVersion = 10.0.40219.1
Project("{FAE04EC0-301F-11D3-BF4B-00C04F79EFBC}") = "WebsiteRegisteredLearningPlan", "WebsiteRegisteredLearningPlan\WebsiteRegisteredLearningPlan.csproj", "{9075C22B-5173-4A0A-884A-16977F0C1DF8}"
EndProject
Project("{FAE04EC0-301F-11D3-BF4B-00C04F79EFBC}") = "UnitTestProject", "UnitTestProject\UnitTestProject.csproj", "{BD385B3B-29AA-49C8-A341-45E1B108B27F}"
EndProject
Global
	GlobalSection(SolutionConfigurationPlatforms) = preSolution
		Debug|Any CPU = Debug|Any CPU
		Release|Any CPU = Release|Any CPU
	EndGlobalSection
	GlobalSection(ProjectConfigurationPlatforms) = postSolution
		{9075C22B-5173-4A0A-884A-16977F0C1DF8}.Debug|Any CPU.ActiveCfg = Debug|Any CPU
		{9075C22B-5173-4A0A-884A-16977F0C1DF8}.Debug|Any CPU.Build.0 = Debug|Any CPU
		{9075C22B-5173-4A0A-884A-16977F0C1DF8}.Release|Any CPU.ActiveCfg = Release|Any CPU
		{9075C22B-5173-4A0A-884A-16977F0C1DF8}.Release|Any CPU.Build.0 = Release|Any CPU
		{BD385B3B-29AA-49C8-A341-45E1B108B27F}.Debug|Any CPU.ActiveCfg = Debug|Any CPU
		{BD385B3B-29AA-49C8-A341-45E1B108B27F}.Debug|Any CPU.Build.0 = Debug|Any CPU
		{BD385B3B-29AA-49C8-A341-45E1B108B27F}.Release|Any CPU.ActiveCfg = Release|Any CPU
		{BD385B3B-29AA-49C8-A341-45E1B108B27F}.Release|Any CPU.Build.0 = Release|Any CPU
	EndGlobalSection
	GlobalSection(SolutionProperties) = preSolution
		HideSolutionNode = FALSE
	EndGlobalSection
	GlobalSection(ExtensibilityGlobals) = postSolution
		SolutionGuid = {A54660F8-B304-49AA-BC8B-EB92BE7927A3}
	EndGlobalSection
EndGlobal
